
Microsoft Visual Studio Solution File, Format Version 12.00
# Visual Studio Version 16
VisualStudioVersion = 16.0.31515.178
MinimumVisualStudioVersion = 10.0.40219.1
Project("{FAE04EC0-301F-11D3-BF4B-00C04F79EFBC}") = "AbramianHomeWork", "AbramianHomeWork.csproj", "{8B4F5A04-79D0-46D4-9F76-D7DCB9160116}"
EndProject
Global
	GlobalSection(SolutionConfigurationPlatforms) = preSolution
		Debug|Any CPU = Debug|Any CPU
		Release|Any CPU = Release|Any CPU
	EndGlobalSection
	GlobalSection(ProjectConfigurationPlatforms) = postSolution
		{8B4F5A04-79D0-46D4-9F76-D7DCB9160116}.Debug|Any CPU.ActiveCfg = Debug|Any CPU
		{8B4F5A04-79D0-46D4-9F76-D7DCB9160116}.Debug|Any CPU.Build.0 = Debug|Any CPU
		{8B4F5A04-79D0-46D4-9F76-D7DCB9160116}.Release|Any CPU.ActiveCfg = Release|Any CPU
		{8B4F5A04-79D0-46D4-9F76-D7DCB9160116}.Release|Any CPU.Build.0 = Release|Any CPU
	EndGlobalSection
	GlobalSection(SolutionProperties) = preSolution
		HideSolutionNode = FALSE
	EndGlobalSection
	GlobalSection(ExtensibilityGlobals) = postSolution
		SolutionGuid = {A39F5F46-E082-4785-BC3D-3B96C1BC60D6}
	EndGlobalSection
EndGlobal
